Microsoft Visual Studio Solution File, Format Version 12.00
# Visual Studio 15
VisualStudioVersion = 15.0.28307.106
MinimumVisualStudioVersion = 10.0.40219.1
Project("{9A19103F-16F7-4668-BE54-9A1E7A4F7556}") = "SB_Bangkok_Training_VC", "SB_Bangkok_Training_VC.csproj", "{CDBADC66-BA0C-64F5-25FA-6E9B55C89547}"
EndProject
Global
    GlobalSection(SolutionConfigurationPlatforms) = preSolution
        Debug|Any CPU = Debug|Any CPU
        Release|Any CPU = Release|Any CPU
    EndGlobalSection
    GlobalSection(ProjectConfigurationPlatforms) = postSolution
        {CDBADC66-BA0C-64F5-25FA-6E9B55C89547}.Debug|Any CPU.ActiveCfg = Debug|Any CPU
        {CDBADC66-BA0C-64F5-25FA-6E9B55C89547}.Debug|Any CPU.Build.0 = Debug|Any CPU
        {CDBADC66-BA0C-64F5-25FA-6E9B55C89547}.Release|Any CPU.ActiveCfg = Release|Any CPU
        {CDBADC66-BA0C-64F5-25FA-6E9B55C89547}.Release|Any CPU.Build.0 = Release|Any CPU
    EndGlobalSection
    GlobalSection(SolutionProperties) = preSolution
        HideSolutionNode = FALSE
    EndGlobalSection
EndGlobal
